
Microsoft Visual Studio Solution File, Format Version 12.00
# Visual Studio Version 16
VisualStudioVersion = 16.0.29409.12
MinimumVisualStudioVersion = 10.0.40219.1
Project("{FAE04EC0-301F-11D3-BF4B-00C04F79EFBC}") = "JavaGameAPI", "JavaGameAPI.csproj", "{B4494F9F-8D14-4E47-9F3D-7B8087F4C4DC}"
EndProject
Global
	GlobalSection(SolutionConfigurationPlatforms) = preSolution
		Debug|Any CPU = Debug|Any CPU
		Release|Any CPU = Release|Any CPU
	EndGlobalSection
	GlobalSection(ProjectConfigurationPlatforms) = postSolution
		{B4494F9F-8D14-4E47-9F3D-7B8087F4C4DC}.Debug|Any CPU.ActiveCfg = Debug|Any CPU
		{B4494F9F-8D14-4E47-9F3D-7B8087F4C4DC}.Debug|Any CPU.Build.0 = Debug|Any CPU
		{B4494F9F-8D14-4E47-9F3D-7B8087F4C4DC}.Release|Any CPU.ActiveCfg = Release|Any CPU
		{B4494F9F-8D14-4E47-9F3D-7B8087F4C4DC}.Release|Any CPU.Build.0 = Release|Any CPU
	EndGlobalSection
	GlobalSection(SolutionProperties) = preSolution
		HideSolutionNode = FALSE
	EndGlobalSection
	GlobalSection(ExtensibilityGlobals) = postSolution
		SolutionGuid = {B357B0B3-AEC6-42DA-AEC6-118A2C864AB4}
	EndGlobalSection
EndGlobal
